
Microsoft Visual Studio Solution File, Format Version 12.00
# Visual Studio Version 17
VisualStudioVersion = 17.1.32328.378
MinimumVisualStudioVersion = 10.0.40219.1
Project("{FAE04EC0-301F-11D3-BF4B-00C04F79EFBC}") = "LabaOOP5", "LabaOOP5.csproj", "{97964F5A-3736-446C-91F9-FF1F3657FF5E}"
EndProject
Global
	GlobalSection(SolutionConfigurationPlatforms) = preSolution
		Debug|Any CPU = Debug|Any CPU
		Release|Any CPU = Release|Any CPU
	EndGlobalSection
	GlobalSection(ProjectConfigurationPlatforms) = postSolution
		{97964F5A-3736-446C-91F9-FF1F3657FF5E}.Debug|Any CPU.ActiveCfg = Debug|Any CPU
		{97964F5A-3736-446C-91F9-FF1F3657FF5E}.Debug|Any CPU.Build.0 = Debug|Any CPU
		{97964F5A-3736-446C-91F9-FF1F3657FF5E}.Release|Any CPU.ActiveCfg = Release|Any CPU
		{97964F5A-3736-446C-91F9-FF1F3657FF5E}.Release|Any CPU.Build.0 = Release|Any CPU
	EndGlobalSection
	GlobalSection(SolutionProperties) = preSolution
		HideSolutionNode = FALSE
	EndGlobalSection
	GlobalSection(ExtensibilityGlobals) = postSolution
		SolutionGuid = {6E2B2D96-2609-4C01-99FB-85868956B38B}
	EndGlobalSection
EndGlobal
